
Microsoft Visual Studio Solution File, Format Version 12.00
# Visual Studio Version 17
VisualStudioVersion = 17.9.34728.123
MinimumVisualStudioVersion = 10.0.40219.1
Project("{FAE04EC0-301F-11D3-BF4B-00C04F79EFBC}") = "VarinskaKyrsova", "VarinskaKyrsova.csproj", "{F46A8E76-D757-4565-963E-7E70D74AE9DB}"
EndProject
Global
	GlobalSection(SolutionConfigurationPlatforms) = preSolution
		Debug|Any CPU = Debug|Any CPU
		Release|Any CPU = Release|Any CPU
	EndGlobalSection
	GlobalSection(ProjectConfigurationPlatforms) = postSolution
		{F46A8E76-D757-4565-963E-7E70D74AE9DB}.Debug|Any CPU.ActiveCfg = Debug|Any CPU
		{F46A8E76-D757-4565-963E-7E70D74AE9DB}.Debug|Any CPU.Build.0 = Debug|Any CPU
		{F46A8E76-D757-4565-963E-7E70D74AE9DB}.Release|Any CPU.ActiveCfg = Release|Any CPU
		{F46A8E76-D757-4565-963E-7E70D74AE9DB}.Release|Any CPU.Build.0 = Release|Any CPU
	EndGlobalSection
	GlobalSection(SolutionProperties) = preSolution
		HideSolutionNode = FALSE
	EndGlobalSection
	GlobalSection(ExtensibilityGlobals) = postSolution
		SolutionGuid = {D237B45D-9F30-44C9-95DB-11CDA57101DB}
	EndGlobalSection
EndGlobal
